// !$*UTF8*$!
{
	archiveVersion = 1;
	classes = {
	};
	objectVersion = 46;
	objects = {

/* Begin PBXBuildFile section */
		373B3F141CDB117500CF2ABB /* MJRefresh.bundle in Resources */ = {isa = PBXBuildFile; fileRef = 373B3F031CDB117500CF2ABB /* MJRefresh.bundle */; };
		373B3F151CDB117500CF2ABB /* MJRefreshBaseView.m in Sources */ = {isa = PBXBuildFile; fileRef = 373B3F061CDB117500CF2ABB /* MJRefreshBaseView.m */; };
		373B3F161CDB117500CF2ABB /* MJRefreshConst.m in Sources */ = {isa = PBXBuildFile; fileRef = 373B3F081CDB117500CF2ABB /* MJRefreshConst.m */; };
		373B3F171CDB117500CF2ABB /* MJRefreshFooterView.m in Sources */ = {isa = PBXBuildFile; fileRef = 373B3F0A1CDB117500CF2ABB /* MJRefreshFooterView.m */; };
		373B3F181CDB117500CF2ABB /* MJRefreshHeaderView.m in Sources */ = {isa = PBXBuildFile; fileRef = 373B3F0C1CDB117500CF2ABB /* MJRefreshHeaderView.m */; };
		373B3F191CDB117500CF2ABB /* UIScrollView+MJExtension.m in Sources */ = {isa = PBXBuildFile; fileRef = 373B3F0E1CDB117500CF2ABB /* UIScrollView+MJExtension.m */; };
		373B3F1A1CDB117500CF2ABB /* UIScrollView+MJRefresh.m in Sources */ = {isa = PBXBuildFile; fileRef = 373B3F101CDB117500CF2ABB /* UIScrollView+MJRefresh.m */; };
		373B3F1B1CDB117500CF2ABB /* UIView+MJExtension.m in Sources */ = {isa = PBXBuildFile; fileRef = 373B3F121CDB117500CF2ABB /* UIView+MJExtension.m */; };
		37F6006B1CDA2D7C00443855 /* main.m in Sources */ = {isa = PBXBuildFile; fileRef = 37F6006A1CDA2D7C00443855 /* main.m */; };
		37F6006E1CDA2D7C00443855 /* AppDelegate.m in Sources */ = {isa = PBXBuildFile; fileRef = 37F6006D1CDA2D7C00443855 /* AppDelegate.m */; };
		37F600711CDA2D7C00443855 /* ViewController.m in Sources */ = {isa = PBXBuildFile; fileRef = 37F600701CDA2D7C00443855 /* ViewController.m */; };
		37F600741CDA2D7C00443855 /* Main.storyboard in Resources */ = {isa = PBXBuildFile; fileRef = 37F600721CDA2D7C00443855 /* Main.storyboard */; };
		37F600761CDA2D7C00443855 /* Assets.xcassets in Resources */ = {isa = PBXBuildFile; fileRef = 37F600751CDA2D7C00443855 /* Assets.xcassets */; };
		37F600791CDA2D7C00443855 /* LaunchScreen.storyboard in Resources */ = {isa = PBXBuildFile; fileRef = 37F600771CDA2D7C00443855 /* LaunchScreen.storyboard */; };
		37F600821CDA320600443855 /* MyTableViewCell.m in Sources */ = {isa = PBXBuildFile; fileRef = 37F600811CDA320600443855 /* MyTableViewCell.m */; };
		37F600851CDA36A500443855 /* MyModel.m in Sources */ = {isa = PBXBuildFile; fileRef = 37F600841CDA36A500443855 /* MyModel.m */; };
		37F600A81CDA38FD00443855 /* MKAnnotationView+WebCache.m in Sources */ = {isa = PBXBuildFile; fileRef = 37F600881CDA38FD00443855 /* MKAnnotationView+WebCache.m */; };
		37F600A91CDA38FD00443855 /* NSData+ImageContentType.m in Sources */ = {isa = PBXBuildFile; fileRef = 37F6008A1CDA38FD00443855 /* NSData+ImageContentType.m */; };
		37F600AA1CDA38FD00443855 /* SDImageCache.m in Sources */ = {isa = PBXBuildFile; fileRef = 37F6008C1CDA38FD00443855 /* SDImageCache.m */; };
		37F600AB1CDA38FD00443855 /* SDWebImageCompat.m in Sources */ = {isa = PBXBuildFile; fileRef = 37F6008E1CDA38FD00443855 /* SDWebImageCompat.m */; };
		37F600AC1CDA38FD00443855 /* SDWebImageDecoder.m in Sources */ = {isa = PBXBuildFile; fileRef = 37F600901CDA38FD00443855 /* SDWebImageDecoder.m */; };
		37F600AD1CDA38FD00443855 /* SDWebImageDownloader.m in Sources */ = {isa = PBXBuildFile; fileRef = 37F600921CDA38FD00443855 /* SDWebImageDownloader.m */; };
		37F600AE1CDA38FD00443855 /* SDWebImageDownloaderOperation.m in Sources */ = {isa = PBXBuildFile; fileRef = 37F600941CDA38FD00443855 /* SDWebImageDownloaderOperation.m */; };
		37F600AF1CDA38FD00443855 /* SDWebImageManager.m in Sources */ = {isa = PBXBuildFile; fileRef = 37F600961CDA38FD00443855 /* SDWebImageManager.m */; };
		37F600B01CDA38FD00443855 /* SDWebImagePrefetcher.m in Sources */ = {isa = PBXBuildFile; fileRef = 37F600991CDA38FD00443855 /* SDWebImagePrefetcher.m */; };
		37F600B11CDA38FD00443855 /* UIButton+WebCache.m in Sources */ = {isa = PBXBuildFile; fileRef = 37F6009B1CDA38FD00443855 /* UIButton+WebCache.m */; };
		37F600B21CDA38FD00443855 /* UIImage+GIF.m in Sources */ = {isa = PBXBuildFile; fileRef = 37F6009D1CDA38FD00443855 /* UIImage+GIF.m */; };
		37F600B31CDA38FD00443855 /* UIImage+MultiFormat.m in Sources */ = {isa = PBXBuildFile; fileRef = 37F6009F1CDA38FD00443855 /* UIImage+MultiFormat.m */; };
		37F600B41CDA38FD00443855 /* UIImage+WebP.m in Sources */ = {isa = PBXBuildFile; fileRef = 37F600A11CDA38FD00443855 /* UIImage+WebP.m */; };
		37F600B51CDA38FD00443855 /* UIImageView+HighlightedWebCache.m in Sources */ = {isa = PBXBuildFile; fileRef = 37F600A31CDA38FD00443855 /* UIImageView+HighlightedWebCache.m */; };
		37F600B61CDA38FD00443855 /* UIImageView+WebCache.m in Sources */ = {isa = PBXBuildFile; fileRef = 37F600A51CDA38FD00443855 /* UIImageView+WebCache.m */; };
		37F600B71CDA38FD00443855 /* UIView+WebCacheOperation.m in Sources */ = {isa = PBXBuildFile; fileRef = 37F600A71CDA38FD00443855 /* UIView+WebCacheOperation.m */; };
		37F600DF1CDA3DA800443855 /* AFHTTPRequestOperation.m in Sources */ = {isa = PBXBuildFile; fileRef = 37F600BB1CDA3DA800443855 /* AFHTTPRequestOperation.m */; };
		37F600E01CDA3DA800443855 /* AFHTTPRequestOperationManager.m in Sources */ = {isa = PBXBuildFile; fileRef = 37F600BD1CDA3DA800443855 /* AFHTTPRequestOperationManager.m */; };
		37F600E11CDA3DA800443855 /* AFHTTPSessionManager.m in Sources */ = {isa = PBXBuildFile; fileRef = 37F600BF1CDA3DA800443855 /* AFHTTPSessionManager.m */; };
		37F600E21CDA3DA800443855 /* AFNetworkReachabilityManager.m in Sources */ = {isa = PBXBuildFile; fileRef = 37F600C21CDA3DA800443855 /* AFNetworkReachabilityManager.m */; };
		37F600E31CDA3DA800443855 /* AFSecurityPolicy.m in Sources */ = {isa = PBXBuildFile; fileRef = 37F600C41CDA3DA800443855 /* AFSecurityPolicy.m */; };
		37F600E41CDA3DA800443855 /* AFURLConnectionOperation.m in Sources */ = {isa = PBXBuildFile; fileRef = 37F600C61CDA3DA800443855 /* AFURLConnectionOperation.m */; };
		37F600E51CDA3DA800443855 /* AFURLRequestSerialization.m in Sources */ = {isa = PBXBuildFile; fileRef = 37F600C81CDA3DA800443855 /* AFURLRequestSerialization.m */; };
		37F600E61CDA3DA800443855 /* AFURLResponseSerialization.m in Sources */ = {isa = PBXBuildFile; fileRef = 37F600CA1CDA3DA800443855 /* AFURLResponseSerialization.m */; };
		37F600E71CDA3DA800443855 /* AFURLSessionManager.m in Sources */ = {isa = PBXBuildFile; fileRef = 37F600CC1CDA3DA800443855 /* AFURLSessionManager.m */; };
		37F600E81CDA3DA800443855 /* AFNetworkActivityIndicatorManager.m in Sources */ = {isa = PBXBuildFile; fileRef = 37F600CF1CDA3DA800443855 /* AFNetworkActivityIndicatorManager.m */; };
		37F600E91CDA3DA800443855 /* UIActivityIndicatorView+AFNetworking.m in Sources */ = {isa = PBXBuildFile; fileRef = 37F600D11CDA3DA800443855 /* UIActivityIndicatorView+AFNetworking.m */; };
		37F600EA1CDA3DA800443855 /* UIAlertView+AFNetworking.m in Sources */ = {isa = PBXBuildFile; fileRef = 37F600D31CDA3DA800443855 /* UIAlertView+AFNetworking.m */; };
		37F600EB1CDA3DA800443855 /* UIButton+AFNetworking.m in Sources */ = {isa = PBXBuildFile; fileRef = 37F600D51CDA3DA800443855 /* UIButton+AFNetworking.m */; };
		37F600EC1CDA3DA800443855 /* UIImageView+AFNetworking.m in Sources */ = {isa = PBXBuildFile; fileRef = 37F600D71CDA3DA800443855 /* UIImageView+AFNetworking.m */; };
		37F600ED1CDA3DA800443855 /* UIProgressView+AFNetworking.m in Sources */ = {isa = PBXBuildFile; fileRef = 37F600DA1CDA3DA800443855 /* UIProgressView+AFNetworking.m */; };
		37F600EE1CDA3DA800443855 /* UIRefreshControl+AFNetworking.m in Sources */ = {isa = PBXBuildFile; fileRef = 37F600DC1CDA3DA800443855 /* UIRefreshControl+AFNetworking.m */; };
		37F600EF1CDA3DA800443855 /* UIWebView+AFNetworking.m in Sources */ = {isa = PBXBuildFile; fileRef = 37F600DE1CDA3DA800443855 /* UIWebView+AFNetworking.m */; };
/* End PBXBuildFile section */

/* Begin PBXFileReference section */
		373B3F031CDB117500CF2ABB /* MJRefresh.bundle */ = {isa = PBXFileReference; lastKnownFileType = "wrapper.plug-in"; path = MJRefresh.bundle; sourceTree = "<group>"; };
		373B3F041CDB117500CF2ABB /* MJRefresh.h */ = {isa = PBXFileReference; fileEncoding = 4; lastKnownFileType = sourcecode.c.h; path = MJRefresh.h; sourceTree = "<group>"; };
		373B3F051CDB117500CF2ABB /* MJRefreshBaseView.h */ = {isa = PBXFileReference; fileEncoding = 4; lastKnownFileType = sourcecode.c.h; path = MJRefreshBaseView.h; sourceTree = "<group>"; };
		373B3F061CDB117500CF2ABB /* MJRefreshBaseView.m */ = {isa = PBXFileReference; fileEncoding = 4; lastKnownFileType = sourcecode.c.objc; path = MJRefreshBaseView.m; sourceTree = "<group>"; };
		373B3F071CDB117500CF2ABB /* MJRefreshConst.h */ = {isa = PBXFileReference; fileEncoding = 4; lastKnownFileType = sourcecode.c.h; path = MJRefreshConst.h; sourceTree = "<group>"; };
		373B3F081CDB117500CF2ABB /* MJRefreshConst.m */ = {isa = PBXFileReference; fileEncoding = 4; lastKnownFileType = sourcecode.c.objc; path = MJRefreshConst.m; sourceTree = "<group>"; };
		373B3F091CDB117500CF2ABB /* MJRefreshFooterView.h */ = {isa = PBXFileReference; fileEncoding = 4; lastKnownFileType = sourcecode.c.h; path = MJRefreshFooterView.h; sourceTree = "<group>"; };
		373B3F0A1CDB117500CF2ABB /* MJRefreshFooterView.m */ = {isa = PBXFileReference; fileEncoding = 4; lastKnownFileType = sourcecode.c.objc; path = MJRefreshFooterView.m; sourceTree = "<group>"; };
		373B3F0B1CDB117500CF2ABB /* MJRefreshHeaderView.h */ = {isa = PBXFileReference; fileEncoding = 4; lastKnownFileType = sourcecode.c.h; path = MJRefreshHeaderView.h; sourceTree = "<group>"; };
		373B3F0C1CDB117500CF2ABB /* MJRefreshHeaderView.m */ = {isa = PBXFileReference; fileEncoding = 4; lastKnownFileType = sourcecode.c.objc; path = MJRefreshHeaderView.m; sourceTree = "<group>"; };
		373B3F0D1CDB117500CF2ABB /* UIScrollView+MJExtension.h */ = {isa = PBXFileReference; fileEncoding = 4; lastKnownFileType = sourcecode.c.h; path = "UIScrollView+MJExtension.h"; sourceTree = "<group>"; };
		373B3F0E1CDB117500CF2ABB /* UIScrollView+MJExtension.m */ = {isa = PBXFileReference; fileEncoding = 4; lastKnownFileType = sourcecode.c.objc; path = "UIScrollView+MJExtension.m"; sourceTree = "<group>"; };
		373B3F0F1CDB117500CF2ABB /* UIScrollView+MJRefresh.h */ = {isa = PBXFileReference; fileEncoding = 4; lastKnownFileType = sourcecode.c.h; path = "UIScrollView+MJRefresh.h"; sourceTree = "<group>"; };
		373B3F101CDB117500CF2ABB /* UIScrollView+MJRefresh.m */ = {isa = PBXFileReference; fileEncoding = 4; lastKnownFileType = sourcecode.c.objc; path = "UIScrollView+MJRefresh.m"; sourceTree = "<group>"; };
		373B3F111CDB117500CF2ABB /* UIView+MJExtension.h */ = {isa = PBXFileReference; fileEncoding = 4; lastKnownFileType = sourcecode.c.h; path = "UIView+MJExtension.h"; sourceTree = "<group>"; };
		373B3F121CDB117500CF2ABB /* UIView+MJExtension.m */ = {isa = PBXFileReference; fileEncoding = 4; lastKnownFileType = sourcecode.c.objc; path = "UIView+MJExtension.m"; sourceTree = "<group>"; };
		37F600661CDA2D7C00443855 /* Refresh.app */ = {isa = PBXFileReference; explicitFileType = wrapper.application; includeInIndex = 0; path = Refresh.app; sourceTree = BUILT_PRODUCTS_DIR; };
		37F6006A1CDA2D7C00443855 /* main.m */ = {isa = PBXFileReference; lastKnownFileType = sourcecode.c.objc; path = main.m; sourceTree = "<group>"; };
		37F6006C1CDA2D7C00443855 /* AppDelegate.h */ = {isa = PBXFileReference; lastKnownFileType = sourcecode.c.h; path = AppDelegate.h; sourceTree = "<group>"; };
		37F6006D1CDA2D7C00443855 /* AppDelegate.m */ = {isa = PBXFileReference; lastKnownFileType = sourcecode.c.objc; path = AppDelegate.m; sourceTree = "<group>"; };
		37F6006F1CDA2D7C00443855 /* ViewController.h */ = {isa = PBXFileReference; lastKnownFileType = sourcecode.c.h; path = ViewController.h; sourceTree = "<group>"; };
		37F600701CDA2D7C00443855 /* ViewController.m */ = {isa = PBXFileReference; lastKnownFileType = sourcecode.c.objc; path = ViewController.m; sourceTree = "<group>"; };
		37F600731CDA2D7C00443855 /* Base */ = {isa = PBXFileReference; lastKnownFileType = file.storyboard; name = Base; path = Base.lproj/Main.storyboard; sourceTree = "<group>"; };
		37F600751CDA2D7C00443855 /* Assets.xcassets */ = {isa = PBXFileReference; lastKnownFileType = folder.assetcatalog; path = Assets.xcassets; sourceTree = "<group>"; };
		37F600781CDA2D7C00443855 /* Base */ = {isa = PBXFileReference; lastKnownFileType = file.storyboard; name = Base; path = Base.lproj/LaunchScreen.storyboard; sourceTree = "<group>"; };
		37F6007A1CDA2D7C00443855 /* Info.plist */ = {isa = PBXFileReference; lastKnownFileType = text.plist.xml; path = Info.plist; sourceTree = "<group>"; };
		37F600801CDA320600443855 /* MyTableViewCell.h */ = {isa = PBXFileReference; fileEncoding = 4; lastKnownFileType = sourcecode.c.h; path = MyTableViewCell.h; sourceTree = "<group>"; };
		37F600811CDA320600443855 /* MyTableViewCell.m */ = {isa = PBXFileReference; fileEncoding = 4; lastKnownFileType = sourcecode.c.objc; path = MyTableViewCell.m; sourceTree = "<group>"; };
		37F600831CDA36A500443855 /* MyModel.h */ = {isa = PBXFileReference; fileEncoding = 4; lastKnownFileType = sourcecode.c.h; path = MyModel.h; sourceTree = "<group>"; };
		37F600841CDA36A500443855 /* MyModel.m */ = {isa = PBXFileReference; fileEncoding = 4; lastKnownFileType = sourcecode.c.objc; path = MyModel.m; sourceTree = "<group>"; };
		37F600871CDA38FD00443855 /* MKAnnotationView+WebCache.h */ = {isa = PBXFileReference; fileEncoding = 4; lastKnownFileType = sourcecode.c.h; path = "MKAnnotationView+WebCache.h"; sourceTree = "<group>"; };
		37F600881CDA38FD00443855 /* MKAnnotationView+WebCache.m */ = {isa = PBXFileReference; fileEncoding = 4; lastKnownFileType = sourcecode.c.objc; path = "MKAnnotationView+WebCache.m"; sourceTree = "<group>"; };
		37F600891CDA38FD00443855 /* NSData+ImageContentType.h */ = {isa = PBXFileReference; fileEncoding = 4; lastKnownFileType = sourcecode.c.h; path = "NSData+ImageContentType.h"; sourceTree = "<group>"; };
		37F6008A1CDA38FD00443855 /* NSData+ImageContentType.m */ = {isa = PBXFileReference; fileEncoding = 4; lastKnownFileType = sourcecode.c.objc; path = "NSData+ImageContentType.m"; sourceTree = "<group>"; };
		37F6008B1CDA38FD00443855 /* SDImageCache.h */ = {isa = PBXFileReference; fileEncoding = 4; lastKnownFileType = sourcecode.c.h; path = SDImageCache.h; sourceTree = "<group>"; };
		37F6008C1CDA38FD00443855 /* SDImageCache.m */ = {isa = PBXFileReference; fileEncoding = 4; lastKnownFileType = sourcecode.c.objc; path = SDImageCache.m; sourceTree = "<group>"; };
		37F6008D1CDA38FD00443855 /* SDWebImageCompat.h */ = {isa = PBXFileReference; fileEncoding = 4; lastKnownFileType = sourcecode.c.h; path = SDWebImageCompat.h; sourceTree = "<group>"; };
		37F6008E1CDA38FD00443855 /* SDWebImageCompat.m */ = {isa = PBXFileReference; fileEncoding = 4; lastKnownFileType = sourcecode.c.objc; path = SDWebImageCompat.m; sourceTree = "<group>"; };
		37F6008F1CDA38FD00443855 /* SDWebImageDecoder.h */ = {isa = PBXFileReference; fileEncoding = 4; lastKnownFileType = sourcecode.c.h; path = SDWebImageDecoder.h; sourceTree = "<group>"; };
		37F600901CDA38FD00443855 /* SDWebImageDecoder.m */ = {isa = PBXFileReference; fileEncoding = 4; lastKnownFileType = sourcecode.c.objc; path = SDWebImageDecoder.m; sourceTree = "<group>"; };
		37F600911CDA38FD00443855 /* SDWebImageDownloader.h */ = {isa = PBXFileReference; fileEncoding = 4; lastKnownFileType = sourcecode.c.h; path = SDWebImageDownloader.h; sourceTree = "<group>"; };
		37F600921CDA38FD00443855 /* SDWebImageDownloader.m */ = {isa = PBXFileReference; fileEncoding = 4; lastKnownFileType = sourcecode.c.objc; path = SDWebImageDownloader.m; sourceTree = "<group>"; };
		37F600931CDA38FD00443855 /* SDWebImageDownloaderOperation.h */ = {isa = PBXFileReference; fileEncoding = 4; lastKnownFileType = sourcecode.c.h; path = SDWebImageDownloaderOperation.h; sourceTree = "<group>"; };
		37F600941CDA38FD00443855 /* SDWebImageDownloaderOperation.m */ = {isa = PBXFileReference; fileEncoding = 4; lastKnownFileType = sourcecode.c.objc; path = SDWebImageDownloaderOperation.m; sourceTree = "<group>"; };
		37F600951CDA38FD00443855 /* SDWebImageManager.h */ = {isa = PBXFileReference; fileEncoding = 4; lastKnownFileType = sourcecode.c.h; path = SDWebImageManager.h; sourceTree = "<group>"; };
		37F600961CDA38FD00443855 /* SDWebImageManager.m */ = {isa = PBXFileReference; fileEncoding = 4; lastKnownFileType = sourcecode.c.objc; path = SDWebImageManager.m; sourceTree = "<group>"; };
		37F600971CDA38FD00443855 /* SDWebImageOperation.h */ = {isa = PBXFileReference; fileEncoding = 4; lastKnownFileType = sourcecode.c.h; path = SDWebImageOperation.h; sourceTree = "<group>"; };
		37F600981CDA38FD00443855 /* SDWebImagePrefetcher.h */ = {isa = PBXFileReference; fileEncoding = 4; lastKnownFileType = sourcecode.c.h; path = SDWebImagePrefetcher.h; sourceTree = "<group>"; };
		37F600991CDA38FD00443855 /* SDWebImagePrefetcher.m */ = {isa = PBXFileReference; fileEncoding = 4; lastKnownFileType = sourcecode.c.objc; path = SDWebImagePrefetcher.m; sourceTree = "<group>"; };
		37F6009A1CDA38FD00443855 /* UIButton+WebCache.h */ = {isa = PBXFileReference; fileEncoding = 4; lastKnownFileType = sourcecode.c.h; path = "UIButton+WebCache.h"; sourceTree = "<group>"; };
		37F6009B1CDA38FD00443855 /* UIButton+WebCache.m */ = {isa = PBXFileReference; fileEncoding = 4; lastKnownFileType = sourcecode.c.objc; path = "UIButton+WebCache.m"; sourceTree = "<group>"; };
		37F6009C1CDA38FD00443855 /* UIImage+GIF.h */ = {isa = PBXFileReference; fileEncoding = 4; lastKnownFileType = sourcecode.c.h; path = "UIImage+GIF.h"; sourceTree = "<group>"; };
		37F6009D1CDA38FD00443855 /* UIImage+GIF.m */ = {isa = PBXFileReference; fileEncoding = 4; lastKnownFileType = sourcecode.c.objc; path = "UIImage+GIF.m"; sourceTree = "<group>"; };
		37F6009E1CDA38FD00443855 /* UIImage+MultiFormat.h */ = {isa = PBXFileReference; fileEncoding = 4; lastKnownFileType = sourcecode.c.h; path = "UIImage+MultiFormat.h"; sourceTree = "<group>"; };
		37F6009F1CDA38FD00443855 /* UIImage+MultiFormat.m */ = {isa = PBXFileReference; fileEncoding = 4; lastKnownFileType = sourcecode.c.objc; path = "UIImage+MultiFormat.m"; sourceTree = "<group>"; };
		37F600A01CDA38FD00443855 /* UIImage+WebP.h */ = {isa = PBXFileReference; fileEncoding = 4; lastKnownFileType = sourcecode.c.h; path = "UIImage+WebP.h"; sourceTree = "<group>"; };
		37F600A11CDA38FD00443855 /* UIImage+WebP.m */ = {isa = PBXFileReference; fileEncoding = 4; lastKnownFileType = sourcecode.c.objc; path = "UIImage+WebP.m"; sourceTree = "<group>"; };
		37F600A21CDA38FD00443855 /* UIImageView+HighlightedWebCache.h */ = {isa = PBXFileReference; fileEncoding = 4; lastKnownFileType = sourcecode.c.h; path = "UIImageView+HighlightedWebCache.h"; sourceTree = "<group>"; };
		37F600A31CDA38FD00443855 /* UIImageView+HighlightedWebCache.m */ = {isa = PBXFileReference; fileEncoding = 4; lastKnownFileType = sourcecode.c.objc; path = "UIImageView+HighlightedWebCache.m"; sourceTree = "<group>"; };
		37F600A41CDA38FD00443855 /* UIImageView+WebCache.h */ = {isa = PBXFileReference; fileEncoding = 4; lastKnownFileType = sourcecode.c.h; path = "UIImageView+WebCache.h"; sourceTree = "<group>"; };
		37F600A51CDA38FD00443855 /* UIImageView+WebCache.m */ = {isa = PBXFileReference; fileEncoding = 4; lastKnownFileType = sourcecode.c.objc; path = "UIImageView+WebCache.m"; sourceTree = "<group>"; };
		37F600A61CDA38FD00443855 /* UIView+WebCacheOperation.h */ = {isa = PBXFileReference; fileEncoding = 4; lastKnownFileType = sourcecode.c.h; path = "UIView+WebCacheOperation.h"; sourceTree = "<group>"; };
		37F600A71CDA38FD00443855 /* UIView+WebCacheOperation.m */ = {isa = PBXFileReference; fileEncoding = 4; lastKnownFileType = sourcecode.c.objc; path = "UIView+WebCacheOperation.m"; sourceTree = "<group>"; };
		37F600BA1CDA3DA800443855 /* AFHTTPRequestOperation.h */ = {isa = PBXFileReference; fileEncoding = 4; lastKnownFileType = sourcecode.c.h; path = AFHTTPRequestOperation.h; sourceTree = "<group>"; };
		37F600BB1CDA3DA800443855 /* AFHTTPRequestOperation.m */ = {isa = PBXFileReference; fileEncoding = 4; lastKnownFileType = sourcecode.c.objc; path = AFHTTPRequestOperation.m; sourceTree = "<group>"; };
		37F600BC1CDA3DA800443855 /* AFHTTPRequestOperationManager.h */ = {isa = PBXFileReference; fileEncoding = 4; lastKnownFileType = sourcecode.c.h; path = AFHTTPRequestOperationManager.h; sourceTree = "<group>"; };
		37F600BD1CDA3DA800443855 /* AFHTTPRequestOperationManager.m */ = {isa = PBXFileReference; fileEncoding = 4; lastKnownFileType = sourcecode.c.objc; path = AFHTTPRequestOperationManager.m; sourceTree = "<group>"; };
		37F600BE1CDA3DA800443855 /* AFHTTPSessionManager.h */ = {isa = PBXFileReference; fileEncoding = 4; lastKnownFileType = sourcecode.c.h; path = AFHTTPSessionManager.h; sourceTree = "<group>"; };
		37F600BF1CDA3DA800443855 /* AFHTTPSessionManager.m */ = {isa = PBXFileReference; fileEncoding = 4; lastKnownFileType = sourcecode.c.objc; path = AFHTTPSessionManager.m; sourceTree = "<group>"; };
		37F600C01CDA3DA800443855 /* AFNetworking.h */ = {isa = PBXFileReference; fileEncoding = 4; lastKnownFileType = sourcecode.c.h; path = AFNetworking.h; sourceTree = "<group>"; };
		37F600C11CDA3DA800443855 /* AFNetworkReachabilityManager.h */ = {isa = PBXFileReference; fileEncoding = 4; lastKnownFileType = sourcecode.c.h; path = AFNetworkReachabilityManager.h; sourceTree = "<group>"; };
		37F600C21CDA3DA800443855 /* AFNetworkReachabilityManager.m */ = {isa = PBXFileReference; fileEncoding = 4; lastKnownFileType = sourcecode.c.objc; path = AFNetworkReachabilityManager.m; sourceTree = "<group>"; };
		37F600C31CDA3DA800443855 /* AFSecurityPolicy.h */ = {isa = PBXFileReference; fileEncoding = 4; lastKnownFileType = sourcecode.c.h; path = AFSecurityPolicy.h; sourceTree = "<group>"; };
		37F600C41CDA3DA800443855 /* AFSecurityPolicy.m */ = {isa = PBXFileReference; fileEncoding = 4; lastKnownFileType = sourcecode.c.objc; path = AFSecurityPolicy.m; sourceTree = "<group>"; };
		37F600C51CDA3DA800443855 /* AFURLConnectionOperation.h */ = {isa = PBXFileReference; fileEncoding = 4; lastKnownFileType = sourcecode.c.h; path = AFURLConnectionOperation.h; sourceTree = "<group>"; };
		37F600C61CDA3DA800443855 /* AFURLConnectionOperation.m */ = {isa = PBXFileReference; fileEncoding = 4; lastKnownFileType = sourcecode.c.objc; path = AFURLConnectionOperation.m; sourceTree = "<group>"; };
		37F600C71CDA3DA800443855 /* AFURLRequestSerialization.h */ = {isa = PBXFileReference; fileEncoding = 4; lastKnownFileType = sourcecode.c.h; path = AFURLRequestSerialization.h; sourceTree = "<group>"; };
		37F600C81CDA3DA800443855 /* AFURLRequestSerialization.m */ = {isa = PBXFileReference; fileEncoding = 4; lastKnownFileType = sourcecode.c.objc; path = AFURLRequestSerialization.m; sourceTree = "<group>"; };
		37F600C91CDA3DA800443855 /* AFURLResponseSerialization.h */ = {isa = PBXFileReference; fileEncoding = 4; lastKnownFileType = sourcecode.c.h; path = AFURLResponseSerialization.h; sourceTree = "<group>"; };
		37F600CA1CDA3DA800443855 /* AFURLResponseSerialization.m */ = {isa = PBXFileReference; fileEncoding = 4; lastKnownFileType = sourcecode.c.objc; path = AFURLResponseSerialization.m; sourceTree = "<group>"; };
		37F600CB1CDA3DA800443855 /* AFURLSessionManager.h */ = {isa = PBXFileReference; fileEncoding = 4; lastKnownFileType = sourcecode.c.h; path = AFURLSessionManager.h; sourceTree = "<group>"; };
		37F600CC1CDA3DA800443855 /* AFURLSessionManager.m */ = {isa = PBXFileReference; fileEncoding = 4; lastKnownFileType = sourcecode.c.objc; path = AFURLSessionManager.m; sourceTree = "<group>"; };
		37F600CE1CDA3DA800443855 /* AFNetworkActivityIndicatorManager.h */ = {isa = PBXFileReference; fileEncoding = 4; lastKnownFileType = sourcecode.c.h; path = AFNetworkActivityIndicatorManager.h; sourceTree = "<group>"; };
		37F600CF1CDA3DA800443855 /* AFNetworkActivityIndicatorManager.m */ = {isa = PBXFileReference; fileEncoding = 4; lastKnownFileType = sourcecode.c.objc; path = AFNetworkActivityIndicatorManager.m; sourceTree = "<group>"; };
		37F600D01CDA3DA800443855 /* UIActivityIndicatorView+AFNetworking.h */ = {isa = PBXFileReference; fileEncoding = 4; lastKnownFileType = sourcecode.c.h; path = "UIActivityIndicatorView+AFNetworking.h"; sourceTree = "<group>"; };
		37F600D11CDA3DA800443855 /* UIActivityIndicatorView+AFNetworking.m */ = {isa = PBXFileReference; fileEncoding = 4; lastKnownFileType = sourcecode.c.objc; path = "UIActivityIndicatorView+AFNetworking.m"; sourceTree = "<group>"; };
		37F600D21CDA3DA800443855 /* UIAlertView+AFNetworking.h */ = {isa = PBXFileReference; fileEncoding = 4; lastKnownFileType = sourcecode.c.h; path = "UIAlertView+AFNetworking.h"; sourceTree = "<group>"; };
		37F600D31CDA3DA800443855 /* UIAlertView+AFNetworking.m */ = {isa = PBXFileReference; fileEncoding = 4; lastKnownFileType = sourcecode.c.objc; path = "UIAlertView+AFNetworking.m"; sourceTree = "<group>"; };
		37F600D41CDA3DA800443855 /* UIButton+AFNetworking.h */ = {isa = PBXFileReference; fileEncoding = 4; lastKnownFileType = sourcecode.c.h; path = "UIButton+AFNetworking.h"; sourceTree = "<group>"; };
		37F600D51CDA3DA800443855 /* UIButton+AFNetworking.m */ = {isa = PBXFileReference; fileEncoding = 4; lastKnownFileType = sourcecode.c.objc; path = "UIButton+AFNetworking.m"; sourceTree = "<group>"; };
		37F600D61CDA3DA800443855 /* UIImageView+AFNetworking.h */ = {isa = PBXFileReference; fileEncoding = 4; lastKnownFileType = sourcecode.c.h; path = "UIImageView+AFNetworking.h"; sourceTree = "<group>"; };
		37F600D71CDA3DA800443855 /* UIImageView+AFNetworking.m */ = {isa = PBXFileReference; fileEncoding = 4; lastKnownFileType = sourcecode.c.objc; path = "UIImageView+AFNetworking.m"; sourceTree = "<group>"; };
		37F600D81CDA3DA800443855 /* UIKit+AFNetworking.h */ = {isa = PBXFileReference; fileEncoding = 4; lastKnownFileType = sourcecode.c.h; path = "UIKit+AFNetworking.h"; sourceTree = "<group>"; };
		37F600D91CDA3DA800443855 /* UIProgressView+AFNetworking.h */ = {isa = PBXFileReference; fileEncoding = 4; lastKnownFileType = sourcecode.c.h; path = "UIProgressView+AFNetworking.h"; sourceTree = "<group>"; };
		37F600DA1CDA3DA800443855 /* UIProgressView+AFNetworking.m */ = {isa = PBXFileReference; fileEncoding = 4; lastKnownFileType = sourcecode.c.objc; path = "UIProgressView+AFNetworking.m"; sourceTree = "<group>"; };
		37F600DB1CDA3DA800443855 /* UIRefreshControl+AFNetworking.h */ = {isa = PBXFileReference; fileEncoding = 4; lastKnownFileType = sourcecode.c.h; path = "UIRefreshControl+AFNetworking.h"; sourceTree = "<group>"; };
		37F600DC1CDA3DA800443855 /* UIRefreshControl+AFNetworking.m */ = {isa = PBXFileReference; fileEncoding = 4; lastKnownFileType = sourcecode.c.objc; path = "UIRefreshControl+AFNetworking.m"; sourceTree = "<group>"; };
		37F600DD1CDA3DA800443855 /* UIWebView+AFNetworking.h */ = {isa = PBXFileReference; fileEncoding = 4; lastKnownFileType = sourcecode.c.h; path = "UIWebView+AFNetworking.h"; sourceTree = "<group>"; };
		37F600DE1CDA3DA800443855 /* UIWebView+AFNetworking.m */ = {isa = PBXFileReference; fileEncoding = 4; lastKnownFileType = sourcecode.c.objc; path = "UIWebView+AFNetworking.m"; sourceTree = "<group>"; };
/* End PBXFileReference section */

/* Begin PBXFrameworksBuildPhase section */
		37F600631CDA2D7C00443855 /* Frameworks */ = {
			isa = PBXFrameworksBuildPhase;
			buildActionMask = 2147483647;
			files = (
			);
			runOnlyForDeploymentPostprocessing = 0;
		};
/* End PBXFrameworksBuildPhase section */

/* Begin PBXGroup section */
		373B3F131CDB117500CF2ABB /* MJRefresh */ = {
			isa = PBXGroup;
			children = (
				373B3F031CDB117500CF2ABB /* MJRefresh.bundle */,
				373B3F041CDB117500CF2ABB /* MJRefresh.h */,
				373B3F051CDB117500CF2ABB /* MJRefreshBaseView.h */,
				373B3F061CDB117500CF2ABB /* MJRefreshBaseView.m */,
				373B3F071CDB117500CF2ABB /* MJRefreshConst.h */,
				373B3F081CDB117500CF2ABB /* MJRefreshConst.m */,
				373B3F091CDB117500CF2ABB /* MJRefreshFooterView.h */,
				373B3F0A1CDB117500CF2ABB /* MJRefreshFooterView.m */,
				373B3F0B1CDB117500CF2ABB /* MJRefreshHeaderView.h */,
				373B3F0C1CDB117500CF2ABB /* MJRefreshHeaderView.m */,
				373B3F0D1CDB117500CF2ABB /* UIScrollView+MJExtension.h */,
				373B3F0E1CDB117500CF2ABB /* UIScrollView+MJExtension.m */,
				373B3F0F1CDB117500CF2ABB /* UIScrollView+MJRefresh.h */,
				373B3F101CDB117500CF2ABB /* UIScrollView+MJRefresh.m */,
				373B3F111CDB117500CF2ABB /* UIView+MJExtension.h */,
				373B3F121CDB117500CF2ABB /* UIView+MJExtension.m */,
			);
			name = MJRefresh;
			path = "../../../../../../Downloads/iOS/iOS----网络/老师代码/网络第三天/web3_(MJRefresh 01)/MJRefresh";
			sourceTree = "<group>";
		};
		37F6005D1CDA2D7C00443855 = {
			isa = PBXGroup;
			children = (
				37F600681CDA2D7C00443855 /* Refresh */,
				37F600671CDA2D7C00443855 /* Products */,
			);
			sourceTree = "<group>";
		};
		37F600671CDA2D7C00443855 /* Products */ = {
			isa = PBXGroup;
			children = (
				37F600661CDA2D7C00443855 /* Refresh.app */,
			);
			name = Products;
			sourceTree = "<group>";
		};
		37F600681CDA2D7C00443855 /* Refresh */ = {
			isa = PBXGroup;
			children = (
				373B3F131CDB117500CF2ABB /* MJRefresh */,
				37F600B81CDA3DA800443855 /* AFNetworking */,
				37F600861CDA38FD00443855 /* SDWebImage */,
				37F6006C1CDA2D7C00443855 /* AppDelegate.h */,
				37F6006D1CDA2D7C00443855 /* AppDelegate.m */,
				37F6006F1CDA2D7C00443855 /* ViewController.h */,
				37F600701CDA2D7C00443855 /* ViewController.m */,
				37F600721CDA2D7C00443855 /* Main.storyboard */,
				37F600751CDA2D7C00443855 /* Assets.xcassets */,
				37F600771CDA2D7C00443855 /* LaunchScreen.storyboard */,
				37F6007A1CDA2D7C00443855 /* Info.plist */,
				37F600691CDA2D7C00443855 /* Supporting Files */,
				37F600801CDA320600443855 /* MyTableViewCell.h */,
				37F600811CDA320600443855 /* MyTableViewCell.m */,
				37F600831CDA36A500443855 /* MyModel.h */,
				37F600841CDA36A500443855 /* MyModel.m */,
			);
			path = Refresh;
			sourceTree = "<group>";
		};
		37F600691CDA2D7C00443855 /* Supporting Files */ = {
			isa = PBXGroup;
			children = (
				37F6006A1CDA2D7C00443855 /* main.m */,
			);
			name = "Supporting Files";
			sourceTree = "<group>";
		};
		37F600861CDA38FD00443855 /* SDWebImage */ = {
			isa = PBXGroup;
			children = (
				37F600871CDA38FD00443855 /* MKAnnotationView+WebCache.h */,
				37F600881CDA38FD00443855 /* MKAnnotationView+WebCache.m */,
				37F600891CDA38FD00443855 /* NSData+ImageContentType.h */,
				37F6008A1CDA38FD00443855 /* NSData+ImageContentType.m */,
				37F6008B1CDA38FD00443855 /* SDImageCache.h */,
				37F6008C1CDA38FD00443855 /* SDImageCache.m */,
				37F6008D1CDA38FD00443855 /* SDWebImageCompat.h */,
				37F6008E1CDA38FD00443855 /* SDWebImageCompat.m */,
				37F6008F1CDA38FD00443855 /* SDWebImageDecoder.h */,
				37F600901CDA38FD00443855 /* SDWebImageDecoder.m */,
				37F600911CDA38FD00443855 /* SDWebImageDownloader.h */,
				37F600921CDA38FD00443855 /* SDWebImageDownloader.m */,
				37F600931CDA38FD00443855 /* SDWebImageDownloaderOperation.h */,
				37F600941CDA38FD00443855 /* SDWebImageDownloaderOperation.m */,
				37F600951CDA38FD00443855 /* SDWebImageManager.h */,
				37F600961CDA38FD00443855 /* SDWebImageManager.m */,
				37F600971CDA38FD00443855 /* SDWebImageOperation.h */,
				37F600981CDA38FD00443855 /* SDWebImagePrefetcher.h */,
				37F600991CDA38FD00443855 /* SDWebImagePrefetcher.m */,
				37F6009A1CDA38FD00443855 /* UIButton+WebCache.h */,
				37F6009B1CDA38FD00443855 /* UIButton+WebCache.m */,
				37F6009C1CDA38FD00443855 /* UIImage+GIF.h */,
				37F6009D1CDA38FD00443855 /* UIImage+GIF.m */,
				37F6009E1CDA38FD00443855 /* UIImage+MultiFormat.h */,
				37F6009F1CDA38FD00443855 /* UIImage+MultiFormat.m */,
				37F600A01CDA38FD00443855 /* UIImage+WebP.h */,
				37F600A11CDA38FD00443855 /* UIImage+WebP.m */,
				37F600A21CDA38FD00443855 /* UIImageView+HighlightedWebCache.h */,
				37F600A31CDA38FD00443855 /* UIImageView+HighlightedWebCache.m */,
				37F600A41CDA38FD00443855 /* UIImageView+WebCache.h */,
				37F600A51CDA38FD00443855 /* UIImageView+WebCache.m */,
				37F600A61CDA38FD00443855 /* UIView+WebCacheOperation.h */,
				37F600A71CDA38FD00443855 /* UIView+WebCacheOperation.m */,
			);
			path = SDWebImage;
			sourceTree = "<group>";
		};
		37F600B81CDA3DA800443855 /* AFNetworking */ = {
			isa = PBXGroup;
			children = (
				37F600B91CDA3DA800443855 /* AFNetworking */,
				37F600CD1CDA3DA800443855 /* UIKit+AFNetworking */,
			);
			path = AFNetworking;
			sourceTree = "<group>";
		};
		37F600B91CDA3DA800443855 /* AFNetworking */ = {
			isa = PBXGroup;
			children = (
				37F600BA1CDA3DA800443855 /* AFHTTPRequestOperation.h */,
				37F600BB1CDA3DA800443855 /* AFHTTPRequestOperation.m */,
				37F600BC1CDA3DA800443855 /* AFHTTPRequestOperationManager.h */,
				37F600BD1CDA3DA800443855 /* AFHTTPRequestOperationManager.m */,
				37F600BE1CDA3DA800443855 /* AFHTTPSessionManager.h */,
				37F600BF1CDA3DA800443855 /* AFHTTPSessionManager.m */,
				37F600C01CDA3DA800443855 /* AFNetworking.h */,
				37F600C11CDA3DA800443855 /* AFNetworkReachabilityManager.h */,
				37F600C21CDA3DA800443855 /* AFNetworkReachabilityManager.m */,
				37F600C31CDA3DA800443855 /* AFSecurityPolicy.h */,
				37F600C41CDA3DA800443855 /* AFSecurityPolicy.m */,
				37F600C51CDA3DA800443855 /* AFURLConnectionOperation.h */,
				37F600C61CDA3DA800443855 /* AFURLConnectionOperation.m */,
				37F600C71CDA3DA800443855 /* AFURLRequestSerialization.h */,
				37F600C81CDA3DA800443855 /* AFURLRequestSerialization.m */,
				37F600C91CDA3DA800443855 /* AFURLResponseSerialization.h */,
				37F600CA1CDA3DA800443855 /* AFURLResponseSerialization.m */,
				37F600CB1CDA3DA800443855 /* AFURLSessionManager.h */,
				37F600CC1CDA3DA800443855 /* AFURLSessionManager.m */,
			);
			path = AFNetworking;
			sourceTree = "<group>";
		};
		37F600CD1CDA3DA800443855 /* UIKit+AFNetworking */ = {
			isa = PBXGroup;
			children = (
				37F600CE1CDA3DA800443855 /* AFNetworkActivityIndicatorManager.h */,
				37F600CF1CDA3DA800443855 /* AFNetworkActivityIndicatorManager.m */,
				37F600D01CDA3DA800443855 /* UIActivityIndicatorView+AFNetworking.h */,
				37F600D11CDA3DA800443855 /* UIActivityIndicatorView+AFNetworking.m */,
				37F600D21CDA3DA800443855 /* UIAlertView+AFNetworking.h */,
				37F600D31CDA3DA800443855 /* UIAlertView+AFNetworking.m */,
				37F600D41CDA3DA800443855 /* UIButton+AFNetworking.h */,
				37F600D51CDA3DA800443855 /* UIButton+AFNetworking.m */,
				37F600D61CDA3DA800443855 /* UIImageView+AFNetworking.h */,
				37F600D71CDA3DA800443855 /* UIImageView+AFNetworking.m */,
				37F600D81CDA3DA800443855 /* UIKit+AFNetworking.h */,
				37F600D91CDA3DA800443855 /* UIProgressView+AFNetworking.h */,
				37F600DA1CDA3DA800443855 /* UIProgressView+AFNetworking.m */,
				37F600DB1CDA3DA800443855 /* UIRefreshControl+AFNetworking.h */,
				37F600DC1CDA3DA800443855 /* UIRefreshControl+AFNetworking.m */,
				37F600DD1CDA3DA800443855 /* UIWebView+AFNetworking.h */,
				37F600DE1CDA3DA800443855 /* UIWebView+AFNetworking.m */,
			);
			path = "UIKit+AFNetworking";
			sourceTree = "<group>";
		};
/* End PBXGroup section */

/* Begin PBXNativeTarget section */
		37F600651CDA2D7C00443855 /* Refresh */ = {
			isa = PBXNativeTarget;
			buildConfigurationList = 37F6007D1CDA2D7C00443855 /* Build configuration list for PBXNativeTarget "Refresh" */;
			buildPhases = (
				37F600621CDA2D7C00443855 /* Sources */,
				37F600631CDA2D7C00443855 /* Frameworks */,
				37F600641CDA2D7C00443855 /* Resources */,
			);
			buildRules = (
			);
			dependencies = (
			);
			name = Refresh;
			productName = Refresh;
			productReference = 37F600661CDA2D7C00443855 /* Refresh.app */;
			productType = "com.apple.product-type.application";
		};
/* End PBXNativeTarget section */

/* Begin PBXProject section */
		37F6005E1CDA2D7C00443855 /* Project object */ = {
			isa = PBXProject;
			attributes = {
				LastUpgradeCheck = 0720;
				ORGANIZATIONNAME = gzq;
				TargetAttributes = {
					37F600651CDA2D7C00443855 = {
						CreatedOnToolsVersion = 7.2;
					};
				};
			};
			buildConfigurationList = 37F600611CDA2D7C00443855 /* Build configuration list for PBXProject "Refresh" */;
			compatibilityVersion = "Xcode 3.2";
			developmentRegion = English;
			hasScannedForEncodings = 0;
			knownRegions = (
				en,
				Base,
			);
			mainGroup = 37F6005D1CDA2D7C00443855;
			productRefGroup = 37F600671CDA2D7C00443855 /* Products */;
			projectDirPath = "";
			projectRoot = "";
			targets = (
				37F600651CDA2D7C00443855 /* Refresh */,
			);
		};
/* End PBXProject section */

/* Begin PBXResourcesBuildPhase section */
		37F600641CDA2D7C00443855 /* Resources */ = {
			isa = PBXResourcesBuildPhase;
			buildActionMask = 2147483647;
			files = (
				37F600791CDA2D7C00443855 /* LaunchScreen.storyboard in Resources */,
				37F600761CDA2D7C00443855 /* Assets.xcassets in Resources */,
				373B3F141CDB117500CF2ABB /* MJRefresh.bundle in Resources */,
				37F600741CDA2D7C00443855 /* Main.storyboard in Resources */,
			);
			runOnlyForDeploymentPostprocessing = 0;
		};
/* End PBXResourcesBuildPhase section */

/* Begin PBXSourcesBuildPhase section */
		37F600621CDA2D7C00443855 /* Sources */ = {
			isa = PBXSourcesBuildPhase;
			buildActionMask = 2147483647;
			files = (
				37F600EB1CDA3DA800443855 /* UIButton+AFNetworking.m in Sources */,
				37F600711CDA2D7C00443855 /* ViewController.m in Sources */,
				37F600B51CDA38FD00443855 /* UIImageView+HighlightedWebCache.m in Sources */,
				37F600B61CDA38FD00443855 /* UIImageView+WebCache.m in Sources */,
				37F600ED1CDA3DA800443855 /* UIProgressView+AFNetworking.m in Sources */,
				37F600B41CDA38FD00443855 /* UIImage+WebP.m in Sources */,
				373B3F151CDB117500CF2ABB /* MJRefreshBaseView.m in Sources */,
				37F600E41CDA3DA800443855 /* AFURLConnectionOperation.m in Sources */,
				37F600EE1CDA3DA800443855 /* UIRefreshControl+AFNetworking.m in Sources */,
				37F600B01CDA38FD00443855 /* SDWebImagePrefetcher.m in Sources */,
				37F600851CDA36A500443855 /* MyModel.m in Sources */,
				37F600AC1CDA38FD00443855 /* SDWebImageDecoder.m in Sources */,
				373B3F1A1CDB117500CF2ABB /* UIScrollView+MJRefresh.m in Sources */,
				373B3F191CDB117500CF2ABB /* UIScrollView+MJExtension.m in Sources */,
				37F600AD1CDA38FD00443855 /* SDWebImageDownloader.m in Sources */,
				37F600821CDA320600443855 /* MyTableViewCell.m in Sources */,
				37F600AF1CDA38FD00443855 /* SDWebImageManager.m in Sources */,
				37F600E81CDA3DA800443855 /* AFNetworkActivityIndicatorManager.m in Sources */,
				37F600DF1CDA3DA800443855 /* AFHTTPRequestOperation.m in Sources */,
				37F600B71CDA38FD00443855 /* UIView+WebCacheOperation.m in Sources */,
				37F600E21CDA3DA800443855 /* AFNetworkReachabilityManager.m in Sources */,
				37F600EA1CDA3DA800443855 /* UIAlertView+AFNetworking.m in Sources */,
				37F600B11CDA38FD00443855 /* UIButton+WebCache.m in Sources */,
				37F600E71CDA3DA800443855 /* AFURLSessionManager.m in Sources */,
				37F600B31CDA38FD00443855 /* UIImage+MultiFormat.m in Sources */,
				37F600E01CDA3DA800443855 /* AFHTTPRequestOperationManager.m in Sources */,
				373B3F161CDB117500CF2ABB /* MJRefreshConst.m in Sources */,
				37F600E11CDA3DA800443855 /* AFHTTPSessionManager.m in Sources */,
				37F6006E1CDA2D7C00443855 /* AppDelegate.m in Sources */,
				37F600E61CDA3DA800443855 /* AFURLResponseSerialization.m in Sources */,
				37F600E51CDA3DA800443855 /* AFURLRequestSerialization.m in Sources */,
				373B3F1B1CDB117500CF2ABB /* UIView+MJExtension.m in Sources */,
				37F600AE1CDA38FD00443855 /* SDWebImageDownloaderOperation.m in Sources */,
				373B3F181CDB117500CF2ABB /* MJRefreshHeaderView.m in Sources */,
				37F600EC1CDA3DA800443855 /* UIImageView+AFNetworking.m in Sources */,
				37F600B21CDA38FD00443855 /* UIImage+GIF.m in Sources */,
				37F600AB1CDA38FD00443855 /* SDWebImageCompat.m in Sources */,
				37F600A91CDA38FD00443855 /* NSData+ImageContentType.m in Sources */,
				373B3F171CDB117500CF2ABB /* MJRefreshFooterView.m in Sources */,
				37F600E31CDA3DA800443855 /* AFSecurityPolicy.m in Sources */,
				37F6006B1CDA2D7C00443855 /* main.m in Sources */,
				37F600EF1CDA3DA800443855 /* UIWebView+AFNetworking.m in Sources */,
				37F600A81CDA38FD00443855 /* MKAnnotationView+WebCache.m in Sources */,
				37F600E91CDA3DA800443855 /* UIActivityIndicatorView+AFNetworking.m in Sources */,
				37F600AA1CDA38FD00443855 /* SDImageCache.m in Sources */,
			);
			runOnlyForDeploymentPostprocessing = 0;
		};
/* End PBXSourcesBuildPhase section */

/* Begin PBXVariantGroup section */
		37F600721CDA2D7C00443855 /* Main.storyboard */ = {
			isa = PBXVariantGroup;
			children = (
				37F600731CDA2D7C00443855 /* Base */,
			);
			name = Main.storyboard;
			sourceTree = "<group>";
		};
		37F600771CDA2D7C00443855 /* LaunchScreen.storyboard */ = {
			isa = PBXVariantGroup;
			children = (
				37F600781CDA2D7C00443855 /* Base */,
			);
			name = LaunchScreen.storyboard;
			sourceTree = "<group>";
		};
/* End PBXVariantGroup section */

/* Begin XCBuildConfiguration section */
		37F6007B1CDA2D7C00443855 /* Debug */ = {
			isa = XCBuildConfiguration;
			buildSettings = {
				ALWAYS_SEARCH_USER_PATHS = NO;
				CLANG_CXX_LANGUAGE_STANDARD = "gnu++0x";
				CLANG_CXX_LIBRARY = "libc++";
				CLANG_ENABLE_MODULES = YES;
				CLANG_ENABLE_OBJC_ARC = YES;
				CLANG_WARN_BOOL_CONVERSION = YES;
				CLANG_WARN_CONSTANT_CONVERSION = YES;
				CLANG_WARN_DIRECT_OBJC_ISA_USAGE = YES_ERROR;
				CLANG_WARN_EMPTY_BODY = YES;
				CLANG_WARN_ENUM_CONVERSION = YES;
				CLANG_WARN_INT_CONVERSION = YES;
				CLANG_WARN_OBJC_ROOT_CLASS = YES_ERROR;
				CLANG_WARN_UNREACHABLE_CODE = YES;
				CLANG_WARN__DUPLICATE_METHOD_MATCH = YES;
				"CODE_SIGN_IDENTITY[sdk=iphoneos*]" = "iPhone Developer";
				COPY_PHASE_STRIP = NO;
				DEBUG_INFORMATION_FORMAT = dwarf;
				ENABLE_STRICT_OBJC_MSGSEND = YES;
				ENABLE_TESTABILITY = YES;
				GCC_C_LANGUAGE_STANDARD = gnu99;
				GCC_DYNAMIC_NO_PIC = NO;
				GCC_NO_COMMON_BLOCKS = YES;
				GCC_OPTIMIZATION_LEVEL = 0;
				GCC_PREPROCESSOR_DEFINITIONS = (
					"DEBUG=1",
					"$(inherited)",
				);
				GCC_WARN_64_TO_32_BIT_CONVERSION = YES;
				GCC_WARN_ABOUT_RETURN_TYPE = YES_ERROR;
				GCC_WARN_UNDECLARED_SELECTOR = YES;
				GCC_WARN_UNINITIALIZED_AUTOS = YES_AGGRESSIVE;
				GCC_WARN_UNUSED_FUNCTION = YES;
				GCC_WARN_UNUSED_VARIABLE = YES;
				IPHONEOS_DEPLOYMENT_TARGET = 9.2;
				MTL_ENABLE_DEBUG_INFO = YES;
				ONLY_ACTIVE_ARCH = YES;
				SDKROOT = iphoneos;
				TARGETED_DEVICE_FAMILY = "1,2";
			};
			name = Debug;
		};
		37F6007C1CDA2D7C00443855 /* Release */ = {
			isa = XCBuildConfiguration;
			buildSettings = {
				ALWAYS_SEARCH_USER_PATHS = NO;
				CLANG_CXX_LANGUAGE_STANDARD = "gnu++0x";
				CLANG_CXX_LIBRARY = "libc++";
				CLANG_ENABLE_MODULES = YES;
				CLANG_ENABLE_OBJC_ARC = YES;
				CLANG_WARN_BOOL_CONVERSION = YES;
				CLANG_WARN_CONSTANT_CONVERSION = YES;
				CLANG_WARN_DIRECT_OBJC_ISA_USAGE = YES_ERROR;
				CLANG_WARN_EMPTY_BODY = YES;
				CLANG_WARN_ENUM_CONVERSION = YES;
				CLANG_WARN_INT_CONVERSION = YES;
				CLANG_WARN_OBJC_ROOT_CLASS = YES_ERROR;
				CLANG_WARN_UNREACHABLE_CODE = YES;
				CLANG_WARN__DUPLICATE_METHOD_MATCH = YES;
				"CODE_SIGN_IDENTITY[sdk=iphoneos*]" = "iPhone Developer";
				COPY_PHASE_STRIP = NO;
				DEBUG_INFORMATION_FORMAT = "dwarf-with-dsym";
				ENABLE_NS_ASSERTIONS = NO;
				ENABLE_STRICT_OBJC_MSGSEND = YES;
				GCC_C_LANGUAGE_STANDARD = gnu99;
				GCC_NO_COMMON_BLOCKS = YES;
				GCC_WARN_64_TO_32_BIT_CONVERSION = YES;
				GCC_WARN_ABOUT_RETURN_TYPE = YES_ERROR;
				GCC_WARN_UNDECLARED_SELECTOR = YES;
				GCC_WARN_UNINITIALIZED_AUTOS = YES_AGGRESSIVE;
				GCC_WARN_UNUSED_FUNCTION = YES;
				GCC_WARN_UNUSED_VARIABLE = YES;
				IPHONEOS_DEPLOYMENT_TARGET = 9.2;
				MTL_ENABLE_DEBUG_INFO = NO;
				SDKROOT = iphoneos;
				TARGETED_DEVICE_FAMILY = "1,2";
				VALIDATE_PRODUCT = YES;
			};
			name = Release;
		};
		37F6007E1CDA2D7C00443855 /* Debug */ = {
			isa = XCBuildConfiguration;
			buildSettings = {
				ASSETCATALOG_COMPILER_APPICON_NAME = AppIcon;
				INFOPLIST_FILE = Refresh/Info.plist;
				LD_RUNPATH_SEARCH_PATHS = "$(inherited) @executable_path/Frameworks";
				PRODUCT_BUNDLE_IDENTIFIER = gzq.Refresh;
				PRODUCT_NAME = "$(TARGET_NAME)";
			};
			name = Debug;
		};
		37F6007F1CDA2D7C00443855 /* Release */ = {
			isa = XCBuildConfiguration;
			buildSettings = {
				ASSETCATALOG_COMPILER_APPICON_NAME = AppIcon;
				INFOPLIST_FILE = Refresh/Info.plist;
				LD_RUNPATH_SEARCH_PATHS = "$(inherited) @executable_path/Frameworks";
				PRODUCT_BUNDLE_IDENTIFIER = gzq.Refresh;
				PRODUCT_NAME = "$(TARGET_NAME)";
			};
			name = Release;
		};
/* End XCBuildConfiguration section */

/* Begin XCConfigurationList section */
		37F600611CDA2D7C00443855 /* Build configuration list for PBXProject "Refresh" */ = {
			isa = XCConfigurationList;
			buildConfigurations = (
				37F6007B1CDA2D7C00443855 /* Debug */,
				37F6007C1CDA2D7C00443855 /* Release */,
			);
			defaultConfigurationIsVisible = 0;
			defaultConfigurationName = Release;
		};
		37F6007D1CDA2D7C00443855 /* Build configuration list for PBXNativeTarget "Refresh" */ = {
			isa = XCConfigurationList;
			buildConfigurations = (
				37F6007E1CDA2D7C00443855 /* Debug */,
				37F6007F1CDA2D7C00443855 /* Release */,
			);
			defaultConfigurationIsVisible = 0;
			defaultConfigurationName = Release;
		};
/* End XCConfigurationList section */
	};
	rootObject = 37F6005E1CDA2D7C00443855 /* Project object */;
}
