// !$*UTF8*$!
{
	archiveVersion = 1;
	classes = {
	};
	objectVersion = 46;
	objects = {

/* Begin PBXBuildFile section */
		37F357C61C5B5F2A009E8050 /* AppDelegate.swift in Sources */ = {isa = PBXBuildFile; fileRef = 37F357C51C5B5F2A009E8050 /* AppDelegate.swift */; };
		37F357C81C5B5F2A009E8050 /* ViewController.swift in Sources */ = {isa = PBXBuildFile; fileRef = 37F357C71C5B5F2A009E8050 /* ViewController.swift */; };
		37F357CB1C5B5F2A009E8050 /* Main.storyboard in Resources */ = {isa = PBXBuildFile; fileRef = 37F357C91C5B5F2A009E8050 /* Main.storyboard */; };
		37F357CD1C5B5F2A009E8050 /* Assets.xcassets in Resources */ = {isa = PBXBuildFile; fileRef = 37F357CC1C5B5F2A009E8050 /* Assets.xcassets */; };
		37F357D01C5B5F2A009E8050 /* LaunchScreen.storyboard in Resources */ = {isa = PBXBuildFile; fileRef = 37F357CE1C5B5F2A009E8050 /* LaunchScreen.storyboard */; };
/* End PBXBuildFile section */

/* Begin PBXFileReference section */
		37F357C21C5B5F2A009E8050 /* TapTaps.app */ = {isa = PBXFileReference; explicitFileType = wrapper.application; includeInIndex = 0; path = TapTaps.app; sourceTree = BUILT_PRODUCTS_DIR; };
		37F357C51C5B5F2A009E8050 /* AppDelegate.swift */ = {isa = PBXFileReference; lastKnownFileType = sourcecode.swift; path = AppDelegate.swift; sourceTree = "<group>"; };
		37F357C71C5B5F2A009E8050 /* ViewController.swift */ = {isa = PBXFileReference; lastKnownFileType = sourcecode.swift; path = ViewController.swift; sourceTree = "<group>"; };
		37F357CA1C5B5F2A009E8050 /* Base */ = {isa = PBXFileReference; lastKnownFileType = file.storyboard; name = Base; path = Base.lproj/Main.storyboard; sourceTree = "<group>"; };
		37F357CC1C5B5F2A009E8050 /* Assets.xcassets */ = {isa = PBXFileReference; lastKnownFileType = folder.assetcatalog; path = Assets.xcassets; sourceTree = "<group>"; };
		37F357CF1C5B5F2A009E8050 /* Base */ = {isa = PBXFileReference; lastKnownFileType = file.storyboard; name = Base; path = Base.lproj/LaunchScreen.storyboard; sourceTree = "<group>"; };
		37F357D11C5B5F2A009E8050 /* Info.plist */ = {isa = PBXFileReference; lastKnownFileType = text.plist.xml; path = Info.plist; sourceTree = "<group>"; };
/* End PBXFileReference section */

/* Begin PBXFrameworksBuildPhase section */
		37F357BF1C5B5F2A009E8050 /* Frameworks */ = {
			isa = PBXFrameworksBuildPhase;
			buildActionMask = 2147483647;
			files = (
			);
			runOnlyForDeploymentPostprocessing = 0;
		};
/* End PBXFrameworksBuildPhase section */

/* Begin PBXGroup section */
		37F357B91C5B5F2A009E8050 = {
			isa = PBXGroup;
			children = (
				37F357C41C5B5F2A009E8050 /* TapTaps */,
				37F357C31C5B5F2A009E8050 /* Products */,
			);
			sourceTree = "<group>";
		};
		37F357C31C5B5F2A009E8050 /* Products */ = {
			isa = PBXGroup;
			children = (
				37F357C21C5B5F2A009E8050 /* TapTaps.app */,
			);
			name = Products;
			sourceTree = "<group>";
		};
		37F357C41C5B5F2A009E8050 /* TapTaps */ = {
			isa = PBXGroup;
			children = (
				37F357C51C5B5F2A009E8050 /* AppDelegate.swift */,
				37F357C71C5B5F2A009E8050 /* ViewController.swift */,
				37F357C91C5B5F2A009E8050 /* Main.storyboard */,
				37F357CC1C5B5F2A009E8050 /* Assets.xcassets */,
				37F357CE1C5B5F2A009E8050 /* LaunchScreen.storyboard */,
				37F357D11C5B5F2A009E8050 /* Info.plist */,
			);
			path = TapTaps;
			sourceTree = "<group>";
		};
/* End PBXGroup section */

/* Begin PBXNativeTarget section */
		37F357C11C5B5F2A009E8050 /* TapTaps */ = {
			isa = PBXNativeTarget;
			buildConfigurationList = 37F357D41C5B5F2A009E8050 /* Build configuration list for PBXNativeTarget "TapTaps" */;
			buildPhases = (
				37F357BE1C5B5F2A009E8050 /* Sources */,
				37F357BF1C5B5F2A009E8050 /* Frameworks */,
				37F357C01C5B5F2A009E8050 /* Resources */,
			);
			buildRules = (
			);
			dependencies = (
			);
			name = TapTaps;
			productName = TapTaps;
			productReference = 37F357C21C5B5F2A009E8050 /* TapTaps.app */;
			productType = "com.apple.product-type.application";
		};
/* End PBXNativeTarget section */

/* Begin PBXProject section */
		37F357BA1C5B5F2A009E8050 /* Project object */ = {
			isa = PBXProject;
			attributes = {
				LastSwiftUpdateCheck = 0720;
				LastUpgradeCheck = 0720;
				ORGANIZATIONNAME = gzq;
				TargetAttributes = {
					37F357C11C5B5F2A009E8050 = {
						CreatedOnToolsVersion = 7.2;
					};
				};
			};
			buildConfigurationList = 37F357BD1C5B5F2A009E8050 /* Build configuration list for PBXProject "TapTaps" */;
			compatibilityVersion = "Xcode 3.2";
			developmentRegion = English;
			hasScannedForEncodings = 0;
			knownRegions = (
				en,
				Base,
			);
			mainGroup = 37F357B91C5B5F2A009E8050;
			productRefGroup = 37F357C31C5B5F2A009E8050 /* Products */;
			projectDirPath = "";
			projectRoot = "";
			targets = (
				37F357C11C5B5F2A009E8050 /* TapTaps */,
			);
		};
/* End PBXProject section */

/* Begin PBXResourcesBuildPhase section */
		37F357C01C5B5F2A009E8050 /* Resources */ = {
			isa = PBXResourcesBuildPhase;
			buildActionMask = 2147483647;
			files = (
				37F357D01C5B5F2A009E8050 /* LaunchScreen.storyboard in Resources */,
				37F357CD1C5B5F2A009E8050 /* Assets.xcassets in Resources */,
				37F357CB1C5B5F2A009E8050 /* Main.storyboard in Resources */,
			);
			runOnlyForDeploymentPostprocessing = 0;
		};
/* End PBXResourcesBuildPhase section */

/* Begin PBXSourcesBuildPhase section */
		37F357BE1C5B5F2A009E8050 /* Sources */ = {
			isa = PBXSourcesBuildPhase;
			buildActionMask = 2147483647;
			files = (
				37F357C81C5B5F2A009E8050 /* ViewController.swift in Sources */,
				37F357C61C5B5F2A009E8050 /* AppDelegate.swift in Sources */,
			);
			runOnlyForDeploymentPostprocessing = 0;
		};
/* End PBXSourcesBuildPhase section */

/* Begin PBXVariantGroup section */
		37F357C91C5B5F2A009E8050 /* Main.storyboard */ = {
			isa = PBXVariantGroup;
			children = (
				37F357CA1C5B5F2A009E8050 /* Base */,
			);
			name = Main.storyboard;
			sourceTree = "<group>";
		};
		37F357CE1C5B5F2A009E8050 /* LaunchScreen.storyboard */ = {
			isa = PBXVariantGroup;
			children = (
				37F357CF1C5B5F2A009E8050 /* Base */,
			);
			name = LaunchScreen.storyboard;
			sourceTree = "<group>";
		};
/* End PBXVariantGroup section */

/* Begin XCBuildConfiguration section */
		37F357D21C5B5F2A009E8050 /* Debug */ = {
			isa = XCBuildConfiguration;
			buildSettings = {
				ALWAYS_SEARCH_USER_PATHS = NO;
				CLANG_CXX_LANGUAGE_STANDARD = "gnu++0x";
				CLANG_CXX_LIBRARY = "libc++";
				CLANG_ENABLE_MODULES = YES;
				CLANG_ENABLE_OBJC_ARC = YES;
				CLANG_WARN_BOOL_CONVERSION = YES;
				CLANG_WARN_CONSTANT_CONVERSION = YES;
				CLANG_WARN_DIRECT_OBJC_ISA_USAGE = YES_ERROR;
				CLANG_WARN_EMPTY_BODY = YES;
				CLANG_WARN_ENUM_CONVERSION = YES;
				CLANG_WARN_INT_CONVERSION = YES;
				CLANG_WARN_OBJC_ROOT_CLASS = YES_ERROR;
				CLANG_WARN_UNREACHABLE_CODE = YES;
				CLANG_WARN__DUPLICATE_METHOD_MATCH = YES;
				"CODE_SIGN_IDENTITY[sdk=iphoneos*]" = "iPhone Developer";
				COPY_PHASE_STRIP = NO;
				DEBUG_INFORMATION_FORMAT = dwarf;
				ENABLE_STRICT_OBJC_MSGSEND = YES;
				ENABLE_TESTABILITY = YES;
				GCC_C_LANGUAGE_STANDARD = gnu99;
				GCC_DYNAMIC_NO_PIC = NO;
				GCC_NO_COMMON_BLOCKS = YES;
				GCC_OPTIMIZATION_LEVEL = 0;
				GCC_PREPROCESSOR_DEFINITIONS = (
					"DEBUG=1",
					"$(inherited)",
				);
				GCC_WARN_64_TO_32_BIT_CONVERSION = YES;
				GCC_WARN_ABOUT_RETURN_TYPE = YES_ERROR;
				GCC_WARN_UNDECLARED_SELECTOR = YES;
				GCC_WARN_UNINITIALIZED_AUTOS = YES_AGGRESSIVE;
				GCC_WARN_UNUSED_FUNCTION = YES;
				GCC_WARN_UNUSED_VARIABLE = YES;
				IPHONEOS_DEPLOYMENT_TARGET = 9.2;
				MTL_ENABLE_DEBUG_INFO = YES;
				ONLY_ACTIVE_ARCH = YES;
				SDKROOT = iphoneos;
				SWIFT_OPTIMIZATION_LEVEL = "-Onone";
				TARGETED_DEVICE_FAMILY = "1,2";
			};
			name = Debug;
		};
		37F357D31C5B5F2A009E8050 /* Release */ = {
			isa = XCBuildConfiguration;
			buildSettings = {
				ALWAYS_SEARCH_USER_PATHS = NO;
				CLANG_CXX_LANGUAGE_STANDARD = "gnu++0x";
				CLANG_CXX_LIBRARY = "libc++";
				CLANG_ENABLE_MODULES = YES;
				CLANG_ENABLE_OBJC_ARC = YES;
				CLANG_WARN_BOOL_CONVERSION = YES;
				CLANG_WARN_CONSTANT_CONVERSION = YES;
				CLANG_WARN_DIRECT_OBJC_ISA_USAGE = YES_ERROR;
				CLANG_WARN_EMPTY_BODY = YES;
				CLANG_WARN_ENUM_CONVERSION = YES;
				CLANG_WARN_INT_CONVERSION = YES;
				CLANG_WARN_OBJC_ROOT_CLASS = YES_ERROR;
				CLANG_WARN_UNREACHABLE_CODE = YES;
				CLANG_WARN__DUPLICATE_METHOD_MATCH = YES;
				"CODE_SIGN_IDENTITY[sdk=iphoneos*]" = "iPhone Developer";
				COPY_PHASE_STRIP = NO;
				DEBUG_INFORMATION_FORMAT = "dwarf-with-dsym";
				ENABLE_NS_ASSERTIONS = NO;
				ENABLE_STRICT_OBJC_MSGSEND = YES;
				GCC_C_LANGUAGE_STANDARD = gnu99;
				GCC_NO_COMMON_BLOCKS = YES;
				GCC_WARN_64_TO_32_BIT_CONVERSION = YES;
				GCC_WARN_ABOUT_RETURN_TYPE = YES_ERROR;
				GCC_WARN_UNDECLARED_SELECTOR = YES;
				GCC_WARN_UNINITIALIZED_AUTOS = YES_AGGRESSIVE;
				GCC_WARN_UNUSED_FUNCTION = YES;
				GCC_WARN_UNUSED_VARIABLE = YES;
				IPHONEOS_DEPLOYMENT_TARGET = 9.2;
				MTL_ENABLE_DEBUG_INFO = NO;
				SDKROOT = iphoneos;
				TARGETED_DEVICE_FAMILY = "1,2";
				VALIDATE_PRODUCT = YES;
			};
			name = Release;
		};
		37F357D51C5B5F2A009E8050 /* Debug */ = {
			isa = XCBuildConfiguration;
			buildSettings = {
				ASSETCATALOG_COMPILER_APPICON_NAME = AppIcon;
				INFOPLIST_FILE = TapTaps/Info.plist;
				LD_RUNPATH_SEARCH_PATHS = "$(inherited) @executable_path/Frameworks";
				PRODUCT_BUNDLE_IDENTIFIER = gzq.TapTaps;
				PRODUCT_NAME = "$(TARGET_NAME)";
			};
			name = Debug;
		};
		37F357D61C5B5F2A009E8050 /* Release */ = {
			isa = XCBuildConfiguration;
			buildSettings = {
				ASSETCATALOG_COMPILER_APPICON_NAME = AppIcon;
				INFOPLIST_FILE = TapTaps/Info.plist;
				LD_RUNPATH_SEARCH_PATHS = "$(inherited) @executable_path/Frameworks";
				PRODUCT_BUNDLE_IDENTIFIER = gzq.TapTaps;
				PRODUCT_NAME = "$(TARGET_NAME)";
			};
			name = Release;
		};
/* End XCBuildConfiguration section */

/* Begin XCConfigurationList section */
		37F357BD1C5B5F2A009E8050 /* Build configuration list for PBXProject "TapTaps" */ = {
			isa = XCConfigurationList;
			buildConfigurations = (
				37F357D21C5B5F2A009E8050 /* Debug */,
				37F357D31C5B5F2A009E8050 /* Release */,
			);
			defaultConfigurationIsVisible = 0;
			defaultConfigurationName = Release;
		};
		37F357D41C5B5F2A009E8050 /* Build configuration list for PBXNativeTarget "TapTaps" */ = {
			isa = XCConfigurationList;
			buildConfigurations = (
				37F357D51C5B5F2A009E8050 /* Debug */,
				37F357D61C5B5F2A009E8050 /* Release */,
			);
			defaultConfigurationIsVisible = 0;
		};
/* End XCConfigurationList section */
	};
	rootObject = 37F357BA1C5B5F2A009E8050 /* Project object */;
}
