// !$*UTF8*$!
{
	archiveVersion = 1;
	classes = {
	};
	objectVersion = 46;
	objects = {

/* Begin PBXBuildFile section */
		37F519021BF329CF007D8241 /* AppDelegate.swift in Sources */ = {isa = PBXBuildFile; fileRef = 37F519011BF329CF007D8241 /* AppDelegate.swift */; };
		37F519041BF329CF007D8241 /* ViewController.swift in Sources */ = {isa = PBXBuildFile; fileRef = 37F519031BF329CF007D8241 /* ViewController.swift */; };
		37F519071BF329CF007D8241 /* Main.storyboard in Resources */ = {isa = PBXBuildFile; fileRef = 37F519051BF329CF007D8241 /* Main.storyboard */; };
		37F519091BF329CF007D8241 /* Assets.xcassets in Resources */ = {isa = PBXBuildFile; fileRef = 37F519081BF329CF007D8241 /* Assets.xcassets */; };
		37F5190C1BF329CF007D8241 /* LaunchScreen.storyboard in Resources */ = {isa = PBXBuildFile; fileRef = 37F5190A1BF329CF007D8241 /* LaunchScreen.storyboard */; };
		37F519141BF32AFD007D8241 /* GraphicsViewController.swift in Sources */ = {isa = PBXBuildFile; fileRef = 37F519131BF32AFD007D8241 /* GraphicsViewController.swift */; };
/* End PBXBuildFile section */

/* Begin PBXFileReference section */
		37F518FE1BF329CF007D8241 /* Graphics.app */ = {isa = PBXFileReference; explicitFileType = wrapper.application; includeInIndex = 0; path = Graphics.app; sourceTree = BUILT_PRODUCTS_DIR; };
		37F519011BF329CF007D8241 /* AppDelegate.swift */ = {isa = PBXFileReference; lastKnownFileType = sourcecode.swift; path = AppDelegate.swift; sourceTree = "<group>"; };
		37F519031BF329CF007D8241 /* ViewController.swift */ = {isa = PBXFileReference; lastKnownFileType = sourcecode.swift; path = ViewController.swift; sourceTree = "<group>"; };
		37F519061BF329CF007D8241 /* Base */ = {isa = PBXFileReference; lastKnownFileType = file.storyboard; name = Base; path = Base.lproj/Main.storyboard; sourceTree = "<group>"; };
		37F519081BF329CF007D8241 /* Assets.xcassets */ = {isa = PBXFileReference; lastKnownFileType = folder.assetcatalog; path = Assets.xcassets; sourceTree = "<group>"; };
		37F5190B1BF329CF007D8241 /* Base */ = {isa = PBXFileReference; lastKnownFileType = file.storyboard; name = Base; path = Base.lproj/LaunchScreen.storyboard; sourceTree = "<group>"; };
		37F5190D1BF329CF007D8241 /* Info.plist */ = {isa = PBXFileReference; lastKnownFileType = text.plist.xml; path = Info.plist; sourceTree = "<group>"; };
		37F519131BF32AFD007D8241 /* GraphicsViewController.swift */ = {isa = PBXFileReference; fileEncoding = 4; lastKnownFileType = sourcecode.swift; path = GraphicsViewController.swift; sourceTree = "<group>"; };
/* End PBXFileReference section */

/* Begin PBXFrameworksBuildPhase section */
		37F518FB1BF329CF007D8241 /* Frameworks */ = {
			isa = PBXFrameworksBuildPhase;
			buildActionMask = 2147483647;
			files = (
			);
			runOnlyForDeploymentPostprocessing = 0;
		};
/* End PBXFrameworksBuildPhase section */

/* Begin PBXGroup section */
		37F518F51BF329CF007D8241 = {
			isa = PBXGroup;
			children = (
				37F519001BF329CF007D8241 /* Graphics */,
				37F518FF1BF329CF007D8241 /* Products */,
			);
			sourceTree = "<group>";
		};
		37F518FF1BF329CF007D8241 /* Products */ = {
			isa = PBXGroup;
			children = (
				37F518FE1BF329CF007D8241 /* Graphics.app */,
			);
			name = Products;
			sourceTree = "<group>";
		};
		37F519001BF329CF007D8241 /* Graphics */ = {
			isa = PBXGroup;
			children = (
				37F519011BF329CF007D8241 /* AppDelegate.swift */,
				37F519031BF329CF007D8241 /* ViewController.swift */,
				37F519051BF329CF007D8241 /* Main.storyboard */,
				37F519081BF329CF007D8241 /* Assets.xcassets */,
				37F5190A1BF329CF007D8241 /* LaunchScreen.storyboard */,
				37F5190D1BF329CF007D8241 /* Info.plist */,
				37F519131BF32AFD007D8241 /* GraphicsViewController.swift */,
			);
			path = Graphics;
			sourceTree = "<group>";
		};
/* End PBXGroup section */

/* Begin PBXNativeTarget section */
		37F518FD1BF329CF007D8241 /* Graphics */ = {
			isa = PBXNativeTarget;
			buildConfigurationList = 37F519101BF329CF007D8241 /* Build configuration list for PBXNativeTarget "Graphics" */;
			buildPhases = (
				37F518FA1BF329CF007D8241 /* Sources */,
				37F518FB1BF329CF007D8241 /* Frameworks */,
				37F518FC1BF329CF007D8241 /* Resources */,
			);
			buildRules = (
			);
			dependencies = (
			);
			name = Graphics;
			productName = Graphics;
			productReference = 37F518FE1BF329CF007D8241 /* Graphics.app */;
			productType = "com.apple.product-type.application";
		};
/* End PBXNativeTarget section */

/* Begin PBXProject section */
		37F518F61BF329CF007D8241 /* Project object */ = {
			isa = PBXProject;
			attributes = {
				LastSwiftUpdateCheck = 0710;
				LastUpgradeCheck = 0710;
				ORGANIZATIONNAME = gzq;
				TargetAttributes = {
					37F518FD1BF329CF007D8241 = {
						CreatedOnToolsVersion = 7.1;
					};
				};
			};
			buildConfigurationList = 37F518F91BF329CF007D8241 /* Build configuration list for PBXProject "Graphics" */;
			compatibilityVersion = "Xcode 3.2";
			developmentRegion = English;
			hasScannedForEncodings = 0;
			knownRegions = (
				en,
				Base,
			);
			mainGroup = 37F518F51BF329CF007D8241;
			productRefGroup = 37F518FF1BF329CF007D8241 /* Products */;
			projectDirPath = "";
			projectRoot = "";
			targets = (
				37F518FD1BF329CF007D8241 /* Graphics */,
			);
		};
/* End PBXProject section */

/* Begin PBXResourcesBuildPhase section */
		37F518FC1BF329CF007D8241 /* Resources */ = {
			isa = PBXResourcesBuildPhase;
			buildActionMask = 2147483647;
			files = (
				37F5190C1BF329CF007D8241 /* LaunchScreen.storyboard in Resources */,
				37F519091BF329CF007D8241 /* Assets.xcassets in Resources */,
				37F519071BF329CF007D8241 /* Main.storyboard in Resources */,
			);
			runOnlyForDeploymentPostprocessing = 0;
		};
/* End PBXResourcesBuildPhase section */

/* Begin PBXSourcesBuildPhase section */
		37F518FA1BF329CF007D8241 /* Sources */ = {
			isa = PBXSourcesBuildPhase;
			buildActionMask = 2147483647;
			files = (
				37F519041BF329CF007D8241 /* ViewController.swift in Sources */,
				37F519021BF329CF007D8241 /* AppDelegate.swift in Sources */,
				37F519141BF32AFD007D8241 /* GraphicsViewController.swift in Sources */,
			);
			runOnlyForDeploymentPostprocessing = 0;
		};
/* End PBXSourcesBuildPhase section */

/* Begin PBXVariantGroup section */
		37F519051BF329CF007D8241 /* Main.storyboard */ = {
			isa = PBXVariantGroup;
			children = (
				37F519061BF329CF007D8241 /* Base */,
			);
			name = Main.storyboard;
			sourceTree = "<group>";
		};
		37F5190A1BF329CF007D8241 /* LaunchScreen.storyboard */ = {
			isa = PBXVariantGroup;
			children = (
				37F5190B1BF329CF007D8241 /* Base */,
			);
			name = LaunchScreen.storyboard;
			sourceTree = "<group>";
		};
/* End PBXVariantGroup section */

/* Begin XCBuildConfiguration section */
		37F5190E1BF329CF007D8241 /* Debug */ = {
			isa = XCBuildConfiguration;
			buildSettings = {
				ALWAYS_SEARCH_USER_PATHS = NO;
				CLANG_CXX_LANGUAGE_STANDARD = "gnu++0x";
				CLANG_CXX_LIBRARY = "libc++";
				CLANG_ENABLE_MODULES = YES;
				CLANG_ENABLE_OBJC_ARC = YES;
				CLANG_WARN_BOOL_CONVERSION = YES;
				CLANG_WARN_CONSTANT_CONVERSION = YES;
				CLANG_WARN_DIRECT_OBJC_ISA_USAGE = YES_ERROR;
				CLANG_WARN_EMPTY_BODY = YES;
				CLANG_WARN_ENUM_CONVERSION = YES;
				CLANG_WARN_INT_CONVERSION = YES;
				CLANG_WARN_OBJC_ROOT_CLASS = YES_ERROR;
				CLANG_WARN_UNREACHABLE_CODE = YES;
				CLANG_WARN__DUPLICATE_METHOD_MATCH = YES;
				"CODE_SIGN_IDENTITY[sdk=iphoneos*]" = "iPhone Developer";
				COPY_PHASE_STRIP = NO;
				DEBUG_INFORMATION_FORMAT = dwarf;
				ENABLE_STRICT_OBJC_MSGSEND = YES;
				ENABLE_TESTABILITY = YES;
				GCC_C_LANGUAGE_STANDARD = gnu99;
				GCC_DYNAMIC_NO_PIC = NO;
				GCC_NO_COMMON_BLOCKS = YES;
				GCC_OPTIMIZATION_LEVEL = 0;
				GCC_PREPROCESSOR_DEFINITIONS = (
					"DEBUG=1",
					"$(inherited)",
				);
				GCC_WARN_64_TO_32_BIT_CONVERSION = YES;
				GCC_WARN_ABOUT_RETURN_TYPE = YES_ERROR;
				GCC_WARN_UNDECLARED_SELECTOR = YES;
				GCC_WARN_UNINITIALIZED_AUTOS = YES_AGGRESSIVE;
				GCC_WARN_UNUSED_FUNCTION = YES;
				GCC_WARN_UNUSED_VARIABLE = YES;
				IPHONEOS_DEPLOYMENT_TARGET = 9.1;
				MTL_ENABLE_DEBUG_INFO = YES;
				ONLY_ACTIVE_ARCH = YES;
				SDKROOT = iphoneos;
				SWIFT_OPTIMIZATION_LEVEL = "-Onone";
			};
			name = Debug;
		};
		37F5190F1BF329CF007D8241 /* Release */ = {
			isa = XCBuildConfiguration;
			buildSettings = {
				ALWAYS_SEARCH_USER_PATHS = NO;
				CLANG_CXX_LANGUAGE_STANDARD = "gnu++0x";
				CLANG_CXX_LIBRARY = "libc++";
				CLANG_ENABLE_MODULES = YES;
				CLANG_ENABLE_OBJC_ARC = YES;
				CLANG_WARN_BOOL_CONVERSION = YES;
				CLANG_WARN_CONSTANT_CONVERSION = YES;
				CLANG_WARN_DIRECT_OBJC_ISA_USAGE = YES_ERROR;
				CLANG_WARN_EMPTY_BODY = YES;
				CLANG_WARN_ENUM_CONVERSION = YES;
				CLANG_WARN_INT_CONVERSION = YES;
				CLANG_WARN_OBJC_ROOT_CLASS = YES_ERROR;
				CLANG_WARN_UNREACHABLE_CODE = YES;
				CLANG_WARN__DUPLICATE_METHOD_MATCH = YES;
				"CODE_SIGN_IDENTITY[sdk=iphoneos*]" = "iPhone Developer";
				COPY_PHASE_STRIP = NO;
				DEBUG_INFORMATION_FORMAT = "dwarf-with-dsym";
				ENABLE_NS_ASSERTIONS = NO;
				ENABLE_STRICT_OBJC_MSGSEND = YES;
				GCC_C_LANGUAGE_STANDARD = gnu99;
				GCC_NO_COMMON_BLOCKS = YES;
				GCC_WARN_64_TO_32_BIT_CONVERSION = YES;
				GCC_WARN_ABOUT_RETURN_TYPE = YES_ERROR;
				GCC_WARN_UNDECLARED_SELECTOR = YES;
				GCC_WARN_UNINITIALIZED_AUTOS = YES_AGGRESSIVE;
				GCC_WARN_UNUSED_FUNCTION = YES;
				GCC_WARN_UNUSED_VARIABLE = YES;
				IPHONEOS_DEPLOYMENT_TARGET = 9.1;
				MTL_ENABLE_DEBUG_INFO = NO;
				SDKROOT = iphoneos;
				VALIDATE_PRODUCT = YES;
			};
			name = Release;
		};
		37F519111BF329CF007D8241 /* Debug */ = {
			isa = XCBuildConfiguration;
			buildSettings = {
				ASSETCATALOG_COMPILER_APPICON_NAME = AppIcon;
				INFOPLIST_FILE = Graphics/Info.plist;
				LD_RUNPATH_SEARCH_PATHS = "$(inherited) @executable_path/Frameworks";
				PRODUCT_BUNDLE_IDENTIFIER = gzq.Graphics;
				PRODUCT_NAME = "$(TARGET_NAME)";
			};
			name = Debug;
		};
		37F519121BF329CF007D8241 /* Release */ = {
			isa = XCBuildConfiguration;
			buildSettings = {
				ASSETCATALOG_COMPILER_APPICON_NAME = AppIcon;
				INFOPLIST_FILE = Graphics/Info.plist;
				LD_RUNPATH_SEARCH_PATHS = "$(inherited) @executable_path/Frameworks";
				PRODUCT_BUNDLE_IDENTIFIER = gzq.Graphics;
				PRODUCT_NAME = "$(TARGET_NAME)";
			};
			name = Release;
		};
/* End XCBuildConfiguration section */

/* Begin XCConfigurationList section */
		37F518F91BF329CF007D8241 /* Build configuration list for PBXProject "Graphics" */ = {
			isa = XCConfigurationList;
			buildConfigurations = (
				37F5190E1BF329CF007D8241 /* Debug */,
				37F5190F1BF329CF007D8241 /* Release */,
			);
			defaultConfigurationIsVisible = 0;
			defaultConfigurationName = Release;
		};
		37F519101BF329CF007D8241 /* Build configuration list for PBXNativeTarget "Graphics" */ = {
			isa = XCConfigurationList;
			buildConfigurations = (
				37F519111BF329CF007D8241 /* Debug */,
				37F519121BF329CF007D8241 /* Release */,
			);
			defaultConfigurationIsVisible = 0;
		};
/* End XCConfigurationList section */
	};
	rootObject = 37F518F61BF329CF007D8241 /* Project object */;
}
